<?xml version="1.0" encoding="utf-8"?>
<Project ToolsVersion="4.0" xmlns="http://schemas.microsoft.com/developer/msbuild/2003">
  <ItemGroup>
    <Filter Include="Source Files">
      <UniqueIdentifier>{4FC737F1-C7A5-4376-A066-2A32D752A2FF}</UniqueIdentifier>
      <Extensions>cpp;c;cc;cxx;c++;cppm;ixx;def;odl;idl;hpj;bat;asm;asmx</Extensions>
    </Filter>
    <Filter Include="Header Files">
      <UniqueIdentifier>{93995380-89BD-4b04-88EB-625FBE52EBFB}</UniqueIdentifier>
      <Extensions>h;hh;hpp;hxx;h++;hm;inl;inc;ipp;xsd</Extensions>
    </Filter>
    <Filter Include="Resource Files">
      <UniqueIdentifier>{67DA6AB6-F800-4c08-8B7A-83BB121AAD01}</UniqueIdentifier>
      <Extensions>rc;ico;cur;bmp;dlg;rc2;rct;bin;rgs;gif;jpg;jpeg;jpe;resx;tiff;tif;png;wav;mfcribbon-ms</Extensions>
    </Filter>
    <Filter Include="Artemis-Specific">
      <UniqueIdentifier>{96f4b06a-457a-4a5a-b2b9-cd7a955010c0}</UniqueIdentifier>
    </Filter>
    <Filter Include="Artemis-Specific\Header Files">
      <UniqueIdentifier>{420c30c9-88d3-43c2-b82d-56067d51d920}</UniqueIdentifier>
    </Filter>
    <Filter Include="Artemis-Specific\Source Files">
      <UniqueIdentifier>{e1156a94-6129-4136-abb9-669a2c4438c6}</UniqueIdentifier>
    </Filter>
    <Filter Include="ImGui">
      <UniqueIdentifier>{d158d591-f2b6-4b44-b31d-25ace17e4c06}</UniqueIdentifier>
    </Filter>
    <Filter Include="ImGui\Header Files">
      <UniqueIdentifier>{542c680c-cdb7-45f1-9cec-6fa05eb91936}</UniqueIdentifier>
    </Filter>
    <Filter Include="ImGui\Source Files">
      <UniqueIdentifier>{66faebbb-0253-4ef7-a001-b87884b5de0e}</UniqueIdentifier>
    </Filter>
    <Filter Include="MinHook">
      <UniqueIdentifier>{15e21622-506f-4ee1-9fa5-2e713250e688}</UniqueIdentifier>
    </Filter>
    <Filter Include="MinHook\Header Files">
      <UniqueIdentifier>{585c6e7b-cd67-4089-bcc9-59eda83a5543}</UniqueIdentifier>
    </Filter>
    <Filter Include="MinHook\Source Files">
      <UniqueIdentifier>{fe52709f-da6c-474b-896d-2a049fa513ed}</UniqueIdentifier>
    </Filter>
  </ItemGroup>
  <ItemGroup>
    <ClInclude Include="ArtemisSpecific\Console.h">
      <Filter>Artemis-Specific\Header Files</Filter>
    </ClInclude>
    <ClInclude Include="ArtemisSpecific\DrawManager.h">
      <Filter>Artemis-Specific\Header Files</Filter>
    </ClInclude>
    <ClInclude Include="ArtemisSpecific\KeybindManager.h">
      <Filter>Artemis-Specific\Header Files</Filter>
    </ClInclude>
    <ClInclude Include="ArtemisSpecific\Midnight.h">
      <Filter>Artemis-Specific\Header Files</Filter>
    </ClInclude>
    <ClInclude Include="ArtemisSpecific\PresentHook.h">
      <Filter>Artemis-Specific\Header Files</Filter>
    </ClInclude>
    <ClInclude Include="ArtemisSpecific\WindowManager.h">
      <Filter>Artemis-Specific\Header Files</Filter>
    </ClInclude>
    <ClInclude Include="ImGui\imconfig.h">
      <Filter>ImGui\Header Files</Filter>
    </ClInclude>
    <ClInclude Include="ImGui\imgui.h">
      <Filter>ImGui\Header Files</Filter>
    </ClInclude>
    <ClInclude Include="ImGui\imgui_impl_dx11.h">
      <Filter>ImGui\Header Files</Filter>
    </ClInclude>
    <ClInclude Include="ImGui\imgui_impl_win32.h">
      <Filter>ImGui\Header Files</Filter>
    </ClInclude>
    <ClInclude Include="ImGui\imgui_internal.h">
      <Filter>ImGui\Header Files</Filter>
    </ClInclude>
    <ClInclude Include="ImGui\imstb_rectpack.h">
      <Filter>ImGui\Header Files</Filter>
    </ClInclude>
    <ClInclude Include="ImGui\imstb_textedit.h">
      <Filter>ImGui\Header Files</Filter>
    </ClInclude>
    <ClInclude Include="ImGui\imstb_truetype.h">
      <Filter>ImGui\Header Files</Filter>
    </ClInclude>
    <ClInclude Include="MinHook\buffer.h">
      <Filter>MinHook\Header Files</Filter>
    </ClInclude>
    <ClInclude Include="MinHook\MinHook.h">
      <Filter>MinHook\Header Files</Filter>
    </ClInclude>
    <ClInclude Include="MinHook\trampoline.h">
      <Filter>MinHook\Header Files</Filter>
    </ClInclude>
    <ClInclude Include="MinHook\hde\hde32.h">
      <Filter>MinHook\Header Files</Filter>
    </ClInclude>
    <ClInclude Include="MinHook\hde\hde64.h">
      <Filter>MinHook\Header Files</Filter>
    </ClInclude>
    <ClInclude Include="MinHook\hde\pstdint.h">
      <Filter>MinHook\Header Files</Filter>
    </ClInclude>
    <ClInclude Include="MinHook\hde\table32.h">
      <Filter>MinHook\Header Files</Filter>
    </ClInclude>
    <ClInclude Include="MinHook\hde\table64.h">
      <Filter>MinHook\Header Files</Filter>
    </ClInclude>
    <ClInclude Include="Array.h">
      <Filter>Header Files</Filter>
    </ClInclude>
    <ClInclude Include="DateTime.h">
      <Filter>Header Files</Filter>
    </ClInclude>
    <ClInclude Include="Definitions.h">
      <Filter>Header Files</Filter>
    </ClInclude>
    <ClInclude Include="Events.h">
      <Filter>Header Files</Filter>
    </ClInclude>
    <ClInclude Include="Exceptions.h">
      <Filter>Header Files</Filter>
    </ClInclude>
    <ClInclude Include="Interfaces.h">
      <Filter>Header Files</Filter>
    </ClInclude>
    <ClInclude Include="Logger.h">
      <Filter>Header Files</Filter>
    </ClInclude>
    <ClInclude Include="Memory.h">
      <Filter>Header Files</Filter>
    </ClInclude>
    <ClInclude Include="MemoryAllocation.h">
      <Filter>Header Files</Filter>
    </ClInclude>
    <ClInclude Include="MemoryDefinitions.h">
      <Filter>Header Files</Filter>
    </ClInclude>
    <ClInclude Include="MemoryHook.h">
      <Filter>Header Files</Filter>
    </ClInclude>
    <ClInclude Include="MemoryInjection.h">
      <Filter>Header Files</Filter>
    </ClInclude>
    <ClInclude Include="MemoryScanner.h">
      <Filter>Header Files</Filter>
    </ClInclude>
    <ClInclude Include="Vector.h">
      <Filter>Header Files</Filter>
    </ClInclude>
    <ClInclude Include="ArtemisSpecific\OnFrameManager.h">
      <Filter>Artemis-Specific\Header Files</Filter>
    </ClInclude>
    <ClInclude Include="ArtemisSpecific\Const.h">
      <Filter>Artemis-Specific\Header Files</Filter>
    </ClInclude>
    <ClInclude Include="Thread.h">
      <Filter>Header Files</Filter>
    </ClInclude>
    <ClInclude Include="Pipe.h">
      <Filter>Header Files</Filter>
    </ClInclude>
    <ClInclude Include="Configuration.h">
      <Filter>Header Files</Filter>
    </ClInclude>
    <ClInclude Include="ArtemisSpecific\MemoryProtectManager.h">
      <Filter>Artemis-Specific\Header Files</Filter>
    </ClInclude>
    <ClInclude Include="ArtemisSpecific\ExtensionFramework.h">
      <Filter>Artemis-Specific\Header Files</Filter>
    </ClInclude>
  </ItemGroup>
  <ItemGroup>
    <ClCompile Include="ArtemisSpecific\WindowManager.cpp">
      <Filter>Artemis-Specific\Source Files</Filter>
    </ClCompile>
    <ClCompile Include="ArtemisSpecific\PresentHook.cpp">
      <Filter>Artemis-Specific\Source Files</Filter>
    </ClCompile>
    <ClCompile Include="ArtemisSpecific\Midnight.cpp">
      <Filter>Artemis-Specific\Source Files</Filter>
    </ClCompile>
    <ClCompile Include="ArtemisSpecific\KeybindManager.cpp">
      <Filter>Artemis-Specific\Source Files</Filter>
    </ClCompile>
    <ClCompile Include="ArtemisSpecific\DrawManager.cpp">
      <Filter>Artemis-Specific\Source Files</Filter>
    </ClCompile>
    <ClCompile Include="ArtemisSpecific\Console.cpp">
      <Filter>Artemis-Specific\Source Files</Filter>
    </ClCompile>
    <ClCompile Include="ImGui\imgui.cpp">
      <Filter>ImGui\Source Files</Filter>
    </ClCompile>
    <ClCompile Include="ImGui\imgui_demo.cpp">
      <Filter>ImGui\Source Files</Filter>
    </ClCompile>
    <ClCompile Include="ImGui\imgui_draw.cpp">
      <Filter>ImGui\Source Files</Filter>
    </ClCompile>
    <ClCompile Include="ImGui\imgui_impl_dx11.cpp">
      <Filter>ImGui\Source Files</Filter>
    </ClCompile>
    <ClCompile Include="ImGui\imgui_impl_win32.cpp">
      <Filter>ImGui\Source Files</Filter>
    </ClCompile>
    <ClCompile Include="ImGui\imgui_widgets.cpp">
      <Filter>ImGui\Source Files</Filter>
    </ClCompile>
    <ClCompile Include="MinHook\buffer.c">
      <Filter>MinHook\Source Files</Filter>
    </ClCompile>
    <ClCompile Include="MinHook\hook.c">
      <Filter>MinHook\Source Files</Filter>
    </ClCompile>
    <ClCompile Include="MinHook\trampoline.c">
      <Filter>MinHook\Source Files</Filter>
    </ClCompile>
    <ClCompile Include="MinHook\hde\hde32.c">
      <Filter>MinHook\Source Files</Filter>
    </ClCompile>
    <ClCompile Include="MinHook\hde\hde64.c">
      <Filter>MinHook\Source Files</Filter>
    </ClCompile>
    <ClCompile Include="DateTime.cpp">
      <Filter>Source Files</Filter>
    </ClCompile>
    <ClCompile Include="Exceptions.cpp">
      <Filter>Source Files</Filter>
    </ClCompile>
    <ClCompile Include="Logger.cpp">
      <Filter>Source Files</Filter>
    </ClCompile>
    <ClCompile Include="Memory.cpp">
      <Filter>Source Files</Filter>
    </ClCompile>
    <ClCompile Include="MemoryAllocation.cpp">
      <Filter>Source Files</Filter>
    </ClCompile>
    <ClCompile Include="MemoryHook.cpp">
      <Filter>Source Files</Filter>
    </ClCompile>
    <ClCompile Include="MemoryInjection.cpp">
      <Filter>Source Files</Filter>
    </ClCompile>
    <ClCompile Include="MemoryScanner.cpp">
      <Filter>Source Files</Filter>
    </ClCompile>
    <ClCompile Include="ArtemisSpecific\OnFrameManager.cpp">
      <Filter>Artemis-Specific\Source Files</Filter>
    </ClCompile>
    <ClCompile Include="Thread.cpp">
      <Filter>Source Files</Filter>
    </ClCompile>
    <ClCompile Include="Pipe.cpp">
      <Filter>Source Files</Filter>
    </ClCompile>
    <ClCompile Include="Configuration.cpp">
      <Filter>Source Files</Filter>
    </ClCompile>
    <ClCompile Include="ArtemisSpecific\MemoryProtectManager.cpp">
      <Filter>Artemis-Specific\Source Files</Filter>
    </ClCompile>
    <ClCompile Include="ArtemisSpecific\ExtensionFramework.cpp">
      <Filter>Artemis-Specific\Source Files</Filter>
    </ClCompile>
  </ItemGroup>
</Project>