<?xml version="1.0" encoding="utf-8"?>
<Project ToolsVersion="4.0" xmlns="http://schemas.microsoft.com/developer/msbuild/2003">
  <ItemGroup>
    <Filter Include="Source Files">
      <UniqueIdentifier>{4FC737F1-C7A5-4376-A066-2A32D752A2FF}</UniqueIdentifier>
      <Extensions>cpp;c;cc;cxx;c++;cppm;ixx;def;odl;idl;hpj;bat;asm;asmx</Extensions>
    </Filter>
    <Filter Include="Header Files">
      <UniqueIdentifier>{93995380-89BD-4b04-88EB-625FBE52EBFB}</UniqueIdentifier>
      <Extensions>h;hh;hpp;hxx;h++;hm;inl;inc;ipp;xsd</Extensions>
    </Filter>
    <Filter Include="Resource Files">
      <UniqueIdentifier>{67DA6AB6-F800-4c08-8B7A-83BB121AAD01}</UniqueIdentifier>
      <Extensions>rc;ico;cur;bmp;dlg;rc2;rct;bin;rgs;gif;jpg;jpeg;jpe;resx;tiff;tif;png;wav;mfcribbon-ms</Extensions>
    </Filter>
    <Filter Include="API">
      <UniqueIdentifier>{373f81aa-3663-4efc-9180-ba63c2310738}</UniqueIdentifier>
    </Filter>
    <Filter Include="API\Header Files">
      <UniqueIdentifier>{72c4df6d-3eca-404c-9f0d-e661c086fd40}</UniqueIdentifier>
      <Extensions>h;hh;hpp;hxx;h++;hm;inl;inc;ipp;xsd</Extensions>
    </Filter>
    <Filter Include="API\Source Files">
      <UniqueIdentifier>{8a9ebec5-aada-44ba-9cac-334e026b7e05}</UniqueIdentifier>
      <Extensions>cpp;c;cc;cxx;c++;cppm;ixx;def;odl;idl;hpj;bat;asm;asmx</Extensions>
    </Filter>
    <Filter Include="ImGui">
      <UniqueIdentifier>{66c68589-fe79-4ecc-bfb6-b3e8a4db41ee}</UniqueIdentifier>
    </Filter>
    <Filter Include="ImGui\Header Files">
      <UniqueIdentifier>{c53fa097-5f6d-49da-8039-5a6f8342f1ab}</UniqueIdentifier>
    </Filter>
    <Filter Include="ImGui\Source Files">
      <UniqueIdentifier>{8f984b45-462e-4207-8e2c-1e62d91715a5}</UniqueIdentifier>
    </Filter>
    <Filter Include="MinHook">
      <UniqueIdentifier>{0a9a079a-09b4-4344-bb6c-47c981e4426b}</UniqueIdentifier>
    </Filter>
    <Filter Include="MinHook\Header Files">
      <UniqueIdentifier>{2f7ee2b0-4f0a-417f-b97c-ca2cfdd6990d}</UniqueIdentifier>
    </Filter>
    <Filter Include="MinHook\Source Files">
      <UniqueIdentifier>{61c47c2d-ae3b-46a0-9d67-20fb9dfd17e6}</UniqueIdentifier>
    </Filter>
    <Filter Include="MinHook\Header Files\HDE">
      <UniqueIdentifier>{d4d5dc92-93bf-4e54-adcc-aa1e04bf286f}</UniqueIdentifier>
    </Filter>
    <Filter Include="MinHook\Source Files\HDE">
      <UniqueIdentifier>{8de38540-330e-48d0-b9b5-8d49edfbe114}</UniqueIdentifier>
    </Filter>
    <Filter Include="Framework">
      <UniqueIdentifier>{735f7ff8-37a2-46f2-8233-da26570b0aeb}</UniqueIdentifier>
    </Filter>
    <Filter Include="Framework\Header Files">
      <UniqueIdentifier>{af6d2a09-f4e9-40e1-8f11-3f9fb8801170}</UniqueIdentifier>
    </Filter>
    <Filter Include="Framework\Source Files">
      <UniqueIdentifier>{a2525b51-1c65-4e11-aac5-59bbccf46881}</UniqueIdentifier>
    </Filter>
  </ItemGroup>
  <ItemGroup>
    <ClInclude Include="pch.h">
      <Filter>Header Files</Filter>
    </ClInclude>
    <ClInclude Include="API\Error.hxx">
      <Filter>API\Header Files</Filter>
    </ClInclude>
    <ClInclude Include="API\Definitions.hxx">
      <Filter>API\Header Files</Filter>
    </ClInclude>
    <ClInclude Include="API\Event.hxx">
      <Filter>API\Header Files</Filter>
    </ClInclude>
    <ClInclude Include="ImGui\imconfig.h">
      <Filter>ImGui\Header Files</Filter>
    </ClInclude>
    <ClInclude Include="ImGui\imgui.h">
      <Filter>ImGui\Header Files</Filter>
    </ClInclude>
    <ClInclude Include="ImGui\imgui_impl_dx11.h">
      <Filter>ImGui\Header Files</Filter>
    </ClInclude>
    <ClInclude Include="ImGui\imgui_impl_win32.h">
      <Filter>ImGui\Header Files</Filter>
    </ClInclude>
    <ClInclude Include="ImGui\imgui_internal.h">
      <Filter>ImGui\Header Files</Filter>
    </ClInclude>
    <ClInclude Include="ImGui\imstb_rectpack.h">
      <Filter>ImGui\Header Files</Filter>
    </ClInclude>
    <ClInclude Include="ImGui\imstb_textedit.h">
      <Filter>ImGui\Header Files</Filter>
    </ClInclude>
    <ClInclude Include="ImGui\imstb_truetype.h">
      <Filter>ImGui\Header Files</Filter>
    </ClInclude>
    <ClInclude Include="MinHook\buffer.h">
      <Filter>MinHook\Header Files</Filter>
    </ClInclude>
    <ClInclude Include="MinHook\MinHook.h">
      <Filter>MinHook\Header Files</Filter>
    </ClInclude>
    <ClInclude Include="MinHook\trampoline.h">
      <Filter>MinHook\Header Files</Filter>
    </ClInclude>
    <ClInclude Include="MinHook\hde\hde32.h">
      <Filter>MinHook\Header Files\HDE</Filter>
    </ClInclude>
    <ClInclude Include="MinHook\hde\hde64.h">
      <Filter>MinHook\Header Files\HDE</Filter>
    </ClInclude>
    <ClInclude Include="MinHook\hde\pstdint.h">
      <Filter>MinHook\Header Files\HDE</Filter>
    </ClInclude>
    <ClInclude Include="MinHook\hde\table32.h">
      <Filter>MinHook\Header Files\HDE</Filter>
    </ClInclude>
    <ClInclude Include="MinHook\hde\table64.h">
      <Filter>MinHook\Header Files\HDE</Filter>
    </ClInclude>
    <ClInclude Include="API\Hook.hxx">
      <Filter>API\Header Files</Filter>
    </ClInclude>
    <ClInclude Include="Midnight.hxx">
      <Filter>Framework\Header Files</Filter>
    </ClInclude>
    <ClInclude Include="API\Console.hxx">
      <Filter>API\Header Files</Filter>
    </ClInclude>
    <ClInclude Include="API\Logging.hxx">
      <Filter>API\Header Files</Filter>
    </ClInclude>
  </ItemGroup>
  <ItemGroup>
    <ClCompile Include="dllmain.cpp">
      <Filter>Source Files</Filter>
    </ClCompile>
    <ClCompile Include="pch.cpp">
      <Filter>Source Files</Filter>
    </ClCompile>
    <ClCompile Include="API\Error.cxx">
      <Filter>API\Source Files</Filter>
    </ClCompile>
    <ClCompile Include="Main.cxx">
      <Filter>Source Files</Filter>
    </ClCompile>
    <ClCompile Include="ImGui\imgui.cpp">
      <Filter>ImGui\Source Files</Filter>
    </ClCompile>
    <ClCompile Include="ImGui\imgui_demo.cpp">
      <Filter>ImGui\Source Files</Filter>
    </ClCompile>
    <ClCompile Include="ImGui\imgui_draw.cpp">
      <Filter>ImGui\Source Files</Filter>
    </ClCompile>
    <ClCompile Include="ImGui\imgui_impl_dx11.cpp">
      <Filter>ImGui\Source Files</Filter>
    </ClCompile>
    <ClCompile Include="ImGui\imgui_impl_win32.cpp">
      <Filter>ImGui\Source Files</Filter>
    </ClCompile>
    <ClCompile Include="ImGui\imgui_tables.cpp">
      <Filter>ImGui\Source Files</Filter>
    </ClCompile>
    <ClCompile Include="ImGui\imgui_widgets.cpp">
      <Filter>ImGui\Source Files</Filter>
    </ClCompile>
    <ClCompile Include="API\Hook.cxx">
      <Filter>API\Source Files</Filter>
    </ClCompile>
    <ClCompile Include="MinHook\hde\hde32.c">
      <Filter>MinHook\Source Files\HDE</Filter>
    </ClCompile>
    <ClCompile Include="MinHook\hde\hde64.c">
      <Filter>MinHook\Source Files\HDE</Filter>
    </ClCompile>
    <ClCompile Include="MinHook\buffer.c">
      <Filter>MinHook\Source Files</Filter>
    </ClCompile>
    <ClCompile Include="MinHook\MinHook.c">
      <Filter>MinHook\Source Files</Filter>
    </ClCompile>
    <ClCompile Include="MinHook\trampoline.c">
      <Filter>MinHook\Source Files</Filter>
    </ClCompile>
    <ClCompile Include="PresentHook.cxx">
      <Filter>Source Files</Filter>
    </ClCompile>
    <ClCompile Include="Midnight.cxx">
      <Filter>Framework\Source Files</Filter>
    </ClCompile>
    <ClCompile Include="API\Console.cxx">
      <Filter>API\Source Files</Filter>
    </ClCompile>
    <ClCompile Include="API\Logging.cxx">
      <Filter>API\Source Files</Filter>
    </ClCompile>
  </ItemGroup>
</Project>