<?xml version="1.0" encoding="utf-8"?>
<Project ToolsVersion="4.0" xmlns="http://schemas.microsoft.com/developer/msbuild/2003">
  <ItemGroup>
    <Filter Include="Source Files">
      <UniqueIdentifier>{4FC737F1-C7A5-4376-A066-2A32D752A2FF}</UniqueIdentifier>
      <Extensions>cpp;c;cc;cxx;c++;cppm;ixx;def;odl;idl;hpj;bat;asm;asmx</Extensions>
    </Filter>
    <Filter Include="Header Files">
      <UniqueIdentifier>{93995380-89BD-4b04-88EB-625FBE52EBFB}</UniqueIdentifier>
      <Extensions>h;hh;hpp;hxx;h++;hm;inl;inc;ipp;xsd</Extensions>
    </Filter>
    <Filter Include="Resource Files">
      <UniqueIdentifier>{67DA6AB6-F800-4c08-8B7A-83BB121AAD01}</UniqueIdentifier>
      <Extensions>rc;ico;cur;bmp;dlg;rc2;rct;bin;rgs;gif;jpg;jpeg;jpe;resx;tiff;tif;png;wav;mfcribbon-ms</Extensions>
    </Filter>
    <Filter Include="Aurora">
      <UniqueIdentifier>{0eb74885-4516-44bd-adf2-22a63f9754c6}</UniqueIdentifier>
    </Filter>
    <Filter Include="Aurora\HDE">
      <UniqueIdentifier>{dc03bfac-bdd3-45e4-8f1f-d16560aa1a0d}</UniqueIdentifier>
    </Filter>
    <Filter Include="Framework">
      <UniqueIdentifier>{be6e3d64-0683-4042-a598-21a90e6524a3}</UniqueIdentifier>
    </Filter>
    <Filter Include="Framework\Header Files">
      <UniqueIdentifier>{6074c9fa-7c35-4b92-8e1c-db42b28a2f5a}</UniqueIdentifier>
    </Filter>
    <Filter Include="Framework\Source Files">
      <UniqueIdentifier>{e18de650-88b9-4ce8-8ffc-c0541479f92f}</UniqueIdentifier>
    </Filter>
  </ItemGroup>
  <ItemGroup>
    <ClInclude Include="pch.h">
      <Filter>Header Files</Filter>
    </ClInclude>
    <ClInclude Include="Aurora\Array.h">
      <Filter>Aurora</Filter>
    </ClInclude>
    <ClInclude Include="Aurora\Binary.h">
      <Filter>Aurora</Filter>
    </ClInclude>
    <ClInclude Include="Aurora\CodeInjection.h">
      <Filter>Aurora</Filter>
    </ClInclude>
    <ClInclude Include="Aurora\Color.h">
      <Filter>Aurora</Filter>
    </ClInclude>
    <ClInclude Include="Aurora\Console.h">
      <Filter>Aurora</Filter>
    </ClInclude>
    <ClInclude Include="Aurora\ConstexprMath.h">
      <Filter>Aurora</Filter>
    </ClInclude>
    <ClInclude Include="Aurora\Definitions.h">
      <Filter>Aurora</Filter>
    </ClInclude>
    <ClInclude Include="Aurora\DllInjection.h">
      <Filter>Aurora</Filter>
    </ClInclude>
    <ClInclude Include="Aurora\Events.h">
      <Filter>Aurora</Filter>
    </ClInclude>
    <ClInclude Include="Aurora\Exceptions.h">
      <Filter>Aurora</Filter>
    </ClInclude>
    <ClInclude Include="Aurora\FileSystem.h">
      <Filter>Aurora</Filter>
    </ClInclude>
    <ClInclude Include="Aurora\Logger.h">
      <Filter>Aurora</Filter>
    </ClInclude>
    <ClInclude Include="Aurora\Memory.h">
      <Filter>Aurora</Filter>
    </ClInclude>
    <ClInclude Include="Aurora\MemoryTypes.h">
      <Filter>Aurora</Filter>
    </ClInclude>
    <ClInclude Include="Aurora\MemoryWin32.h">
      <Filter>Aurora</Filter>
    </ClInclude>
    <ClInclude Include="Aurora\Pipe.h">
      <Filter>Aurora</Filter>
    </ClInclude>
    <ClInclude Include="Aurora\ProcessInfo.h">
      <Filter>Aurora</Filter>
    </ClInclude>
    <ClInclude Include="Aurora\Property.h">
      <Filter>Aurora</Filter>
    </ClInclude>
    <ClInclude Include="Aurora\Shapes.h">
      <Filter>Aurora</Filter>
    </ClInclude>
    <ClInclude Include="Aurora\SharedHandle.h">
      <Filter>Aurora</Filter>
    </ClInclude>
    <ClInclude Include="Aurora\Signal.h">
      <Filter>Aurora</Filter>
    </ClInclude>
    <ClInclude Include="Aurora\Thread.h">
      <Filter>Aurora</Filter>
    </ClInclude>
    <ClInclude Include="Aurora\Time.h">
      <Filter>Aurora</Filter>
    </ClInclude>
    <ClInclude Include="Aurora\Trampoline.h">
      <Filter>Aurora</Filter>
    </ClInclude>
    <ClInclude Include="Aurora\Vector.h">
      <Filter>Aurora</Filter>
    </ClInclude>
    <ClInclude Include="Aurora\HDE\hde32.h">
      <Filter>Aurora\HDE</Filter>
    </ClInclude>
    <ClInclude Include="Aurora\HDE\hde64.h">
      <Filter>Aurora\HDE</Filter>
    </ClInclude>
    <ClInclude Include="Definitions.h">
      <Filter>Framework\Header Files</Filter>
    </ClInclude>
    <ClInclude Include="External.h">
      <Filter>Framework\Header Files</Filter>
    </ClInclude>
    <ClInclude Include="KeybindManager.h">
      <Filter>Framework\Header Files</Filter>
    </ClInclude>
  </ItemGroup>
  <ItemGroup>
    <ClCompile Include="dllmain.cpp">
      <Filter>Source Files</Filter>
    </ClCompile>
    <ClCompile Include="pch.cpp">
      <Filter>Source Files</Filter>
    </ClCompile>
    <ClCompile Include="External.cpp">
      <Filter>Framework\Source Files</Filter>
    </ClCompile>
    <ClCompile Include="KeybindManager.cpp">
      <Filter>Framework\Source Files</Filter>
    </ClCompile>
  </ItemGroup>
</Project>