<?xml version="1.0" encoding="utf-8"?>
<Project ToolsVersion="4.0" xmlns="http://schemas.microsoft.com/developer/msbuild/2003">
  <ItemGroup>
    <Filter Include="Source Files">
      <UniqueIdentifier>{4FC737F1-C7A5-4376-A066-2A32D752A2FF}</UniqueIdentifier>
      <Extensions>cpp;c;cc;cxx;c++;cppm;ixx;def;odl;idl;hpj;bat;asm;asmx</Extensions>
    </Filter>
    <Filter Include="Header Files">
      <UniqueIdentifier>{93995380-89BD-4b04-88EB-625FBE52EBFB}</UniqueIdentifier>
      <Extensions>h;hh;hpp;hxx;h++;hm;inl;inc;ipp;xsd</Extensions>
    </Filter>
    <Filter Include="Resource Files">
      <UniqueIdentifier>{67DA6AB6-F800-4c08-8B7A-83BB121AAD01}</UniqueIdentifier>
      <Extensions>rc;ico;cur;bmp;dlg;rc2;rct;bin;rgs;gif;jpg;jpeg;jpe;resx;tiff;tif;png;wav;mfcribbon-ms</Extensions>
    </Filter>
    <Filter Include="SDK">
      <UniqueIdentifier>{97da9c87-66d5-4e9e-a7f4-aca15adc32aa}</UniqueIdentifier>
    </Filter>
    <Filter Include="SDK\Header Files">
      <UniqueIdentifier>{86378f59-e9df-44cc-b538-9b8b046c9589}</UniqueIdentifier>
    </Filter>
    <Filter Include="SDK\Source Files">
      <UniqueIdentifier>{3b106490-b6a8-4940-bebb-8dc81851e70c}</UniqueIdentifier>
    </Filter>
    <Filter Include="ImGui">
      <UniqueIdentifier>{433fe6d0-8694-41bf-84ef-fc2116aceebb}</UniqueIdentifier>
    </Filter>
    <Filter Include="ImGui\Header Files">
      <UniqueIdentifier>{e7db4afe-209e-45ee-a767-63902094c11b}</UniqueIdentifier>
    </Filter>
    <Filter Include="ImGui\Source Files">
      <UniqueIdentifier>{e9e2eade-a575-4c7d-9b8c-6149ddee90a6}</UniqueIdentifier>
    </Filter>
    <Filter Include="MinHook">
      <UniqueIdentifier>{c2b73ba2-db7b-48b9-9442-804e2a33ea13}</UniqueIdentifier>
    </Filter>
    <Filter Include="MinHook\Header Files">
      <UniqueIdentifier>{57da793d-ef38-4464-959b-e13769ec9456}</UniqueIdentifier>
    </Filter>
    <Filter Include="MinHook\Source Files">
      <UniqueIdentifier>{c7a355d4-6189-46ee-8b1e-5b67598fb36c}</UniqueIdentifier>
    </Filter>
  </ItemGroup>
  <ItemGroup>
    <ClCompile Include="dllmain.cpp">
      <Filter>Source Files</Filter>
    </ClCompile>
    <ClCompile Include="DateTime.cpp">
      <Filter>SDK\Source Files</Filter>
    </ClCompile>
    <ClCompile Include="Exceptions.cpp">
      <Filter>SDK\Source Files</Filter>
    </ClCompile>
    <ClCompile Include="Logger.cpp">
      <Filter>SDK\Source Files</Filter>
    </ClCompile>
    <ClCompile Include="Memory.cpp">
      <Filter>SDK\Source Files</Filter>
    </ClCompile>
    <ClCompile Include="MemoryAllocation.cpp">
      <Filter>SDK\Source Files</Filter>
    </ClCompile>
    <ClCompile Include="MemoryHook.cpp">
      <Filter>SDK\Source Files</Filter>
    </ClCompile>
    <ClCompile Include="MemoryInjection.cpp">
      <Filter>SDK\Source Files</Filter>
    </ClCompile>
    <ClCompile Include="MemoryScanner.cpp">
      <Filter>SDK\Source Files</Filter>
    </ClCompile>
    <ClCompile Include="ImGui\imgui.cpp">
      <Filter>ImGui\Source Files</Filter>
    </ClCompile>
    <ClCompile Include="ImGui\imgui_demo.cpp">
      <Filter>ImGui\Source Files</Filter>
    </ClCompile>
    <ClCompile Include="ImGui\imgui_draw.cpp">
      <Filter>ImGui\Source Files</Filter>
    </ClCompile>
    <ClCompile Include="ImGui\imgui_impl_dx11.cpp">
      <Filter>ImGui\Source Files</Filter>
    </ClCompile>
    <ClCompile Include="ImGui\imgui_impl_win32.cpp">
      <Filter>ImGui\Source Files</Filter>
    </ClCompile>
    <ClCompile Include="ImGui\imgui_widgets.cpp">
      <Filter>ImGui\Source Files</Filter>
    </ClCompile>
    <ClCompile Include="ArtemisSpecific\Console.cpp">
      <Filter>Source Files</Filter>
    </ClCompile>
    <ClCompile Include="ArtemisSpecific\Midnight.cpp">
      <Filter>Source Files</Filter>
    </ClCompile>
    <ClCompile Include="ArtemisSpecific\PresentHook.cpp">
      <Filter>Source Files</Filter>
    </ClCompile>
    <ClCompile Include="ArtemisSpecific\WindowManager.cpp">
      <Filter>Source Files</Filter>
    </ClCompile>
    <ClCompile Include="MinHook\buffer.c">
      <Filter>MinHook\Source Files</Filter>
    </ClCompile>
    <ClCompile Include="MinHook\hook.c">
      <Filter>MinHook\Source Files</Filter>
    </ClCompile>
    <ClCompile Include="MinHook\trampoline.c">
      <Filter>MinHook\Source Files</Filter>
    </ClCompile>
    <ClCompile Include="MinHook\hde\hde32.c">
      <Filter>MinHook\Source Files</Filter>
    </ClCompile>
    <ClCompile Include="MinHook\hde\hde64.c">
      <Filter>MinHook\Source Files</Filter>
    </ClCompile>
    <ClCompile Include="ArtemisSpecific\DrawManager.cpp">
      <Filter>Source Files</Filter>
    </ClCompile>
    <ClCompile Include="ArtemisSpecific\KeybindManager.cpp">
      <Filter>Source Files</Filter>
    </ClCompile>
  </ItemGroup>
  <ItemGroup>
    <ClInclude Include="Array.h">
      <Filter>SDK\Header Files</Filter>
    </ClInclude>
    <ClInclude Include="DateTime.h">
      <Filter>SDK\Header Files</Filter>
    </ClInclude>
    <ClInclude Include="Definitions.h">
      <Filter>SDK\Header Files</Filter>
    </ClInclude>
    <ClInclude Include="Events.h">
      <Filter>SDK\Header Files</Filter>
    </ClInclude>
    <ClInclude Include="Exceptions.h">
      <Filter>SDK\Header Files</Filter>
    </ClInclude>
    <ClInclude Include="Interfaces.h">
      <Filter>SDK\Header Files</Filter>
    </ClInclude>
    <ClInclude Include="Logger.h">
      <Filter>SDK\Header Files</Filter>
    </ClInclude>
    <ClInclude Include="Matrix.h">
      <Filter>SDK\Header Files</Filter>
    </ClInclude>
    <ClInclude Include="Memory.h">
      <Filter>SDK\Header Files</Filter>
    </ClInclude>
    <ClInclude Include="MemoryAllocation.h">
      <Filter>SDK\Header Files</Filter>
    </ClInclude>
    <ClInclude Include="MemoryDefinitions.h">
      <Filter>SDK\Header Files</Filter>
    </ClInclude>
    <ClInclude Include="MemoryHook.h">
      <Filter>SDK\Header Files</Filter>
    </ClInclude>
    <ClInclude Include="MemoryInjection.h">
      <Filter>SDK\Header Files</Filter>
    </ClInclude>
    <ClInclude Include="MemoryScanner.h">
      <Filter>SDK\Header Files</Filter>
    </ClInclude>
    <ClInclude Include="Vector.h">
      <Filter>SDK\Header Files</Filter>
    </ClInclude>
    <ClInclude Include="ImGui\imconfig.h">
      <Filter>ImGui\Header Files</Filter>
    </ClInclude>
    <ClInclude Include="ImGui\imgui.h">
      <Filter>ImGui\Header Files</Filter>
    </ClInclude>
    <ClInclude Include="ImGui\imgui_impl_dx11.h">
      <Filter>ImGui\Header Files</Filter>
    </ClInclude>
    <ClInclude Include="ImGui\imgui_impl_win32.h">
      <Filter>ImGui\Header Files</Filter>
    </ClInclude>
    <ClInclude Include="ImGui\imgui_internal.h">
      <Filter>ImGui\Header Files</Filter>
    </ClInclude>
    <ClInclude Include="ImGui\imstb_rectpack.h">
      <Filter>ImGui\Header Files</Filter>
    </ClInclude>
    <ClInclude Include="ImGui\imstb_textedit.h">
      <Filter>ImGui\Header Files</Filter>
    </ClInclude>
    <ClInclude Include="ImGui\imstb_truetype.h">
      <Filter>ImGui\Header Files</Filter>
    </ClInclude>
    <ClInclude Include="ArtemisSpecific\Console.h">
      <Filter>Header Files</Filter>
    </ClInclude>
    <ClInclude Include="ArtemisSpecific\Midnight.h">
      <Filter>Header Files</Filter>
    </ClInclude>
    <ClInclude Include="ArtemisSpecific\PresentHook.h">
      <Filter>Header Files</Filter>
    </ClInclude>
    <ClInclude Include="ArtemisSpecific\WindowManager.h">
      <Filter>Header Files</Filter>
    </ClInclude>
    <ClInclude Include="MinHook\buffer.h">
      <Filter>MinHook\Header Files</Filter>
    </ClInclude>
    <ClInclude Include="MinHook\MinHook.h">
      <Filter>MinHook\Header Files</Filter>
    </ClInclude>
    <ClInclude Include="MinHook\trampoline.h">
      <Filter>MinHook\Header Files</Filter>
    </ClInclude>
    <ClInclude Include="MinHook\hde\hde32.h">
      <Filter>MinHook\Header Files</Filter>
    </ClInclude>
    <ClInclude Include="MinHook\hde\hde64.h">
      <Filter>MinHook\Header Files</Filter>
    </ClInclude>
    <ClInclude Include="MinHook\hde\pstdint.h">
      <Filter>MinHook\Header Files</Filter>
    </ClInclude>
    <ClInclude Include="MinHook\hde\table32.h">
      <Filter>MinHook\Header Files</Filter>
    </ClInclude>
    <ClInclude Include="MinHook\hde\table64.h">
      <Filter>MinHook\Header Files</Filter>
    </ClInclude>
    <ClInclude Include="ArtemisSpecific\DrawManager.h">
      <Filter>Header Files</Filter>
    </ClInclude>
    <ClInclude Include="ArtemisSpecific\KeybindManager.h">
      <Filter>Header Files</Filter>
    </ClInclude>
  </ItemGroup>
</Project>